
Microsoft Visual Studio Solution File, Format Version 12.00
# Visual Studio Version 16
VisualStudioVersion = 16.0.30621.155
MinimumVisualStudioVersion = 10.0.40219.1
Project("{FAE04EC0-301F-11D3-BF4B-00C04F79EFBC}") = "TizenCompiledBindingSample", "TizenCompiledBindingSample\TizenCompiledBindingSample.csproj", "{CA42CFCC-640C-4787-AE2C-ECECB7AA8684}"
EndProject
Global
	GlobalSection(SolutionConfigurationPlatforms) = preSolution
		Debug|Any CPU = Debug|Any CPU
		Release|Any CPU = Release|Any CPU
	EndGlobalSection
	GlobalSection(ProjectConfigurationPlatforms) = postSolution
		{CA42CFCC-640C-4787-AE2C-ECECB7AA8684}.Debug|Any CPU.ActiveCfg = Debug|Any CPU
		{CA42CFCC-640C-4787-AE2C-ECECB7AA8684}.Debug|Any CPU.Build.0 = Debug|Any CPU
		{CA42CFCC-640C-4787-AE2C-ECECB7AA8684}.Release|Any CPU.ActiveCfg = Release|Any CPU
		{CA42CFCC-640C-4787-AE2C-ECECB7AA8684}.Release|Any CPU.Build.0 = Release|Any CPU
	EndGlobalSection
	GlobalSection(SolutionProperties) = preSolution
		HideSolutionNode = FALSE
	EndGlobalSection
	GlobalSection(ExtensibilityGlobals) = postSolution
		SolutionGuid = {DDFB67E8-4BEE-4756-8071-6632B0BD4D26}
	EndGlobalSection
EndGlobal
